{
  "name": "arete-gateway",
  "version": "0.1.0",
  "lockfileVersion": 3,
  "requires": true,
  "packages": {
    "": {
      "name": "arete-gateway",
      "version": "0.1.0",
      "hasInstallScript": true,
      "dependencies": {
        "arete-sdk": "0.1.6"
      },
      "engines": {
        "node": ">=18"
      }
    },
    "node_modules/arete-sdk": {
      "version": "0.1.6",
      "resolved": "https://registry.npmjs.org/arete-sdk/-/arete-sdk-0.1.6.tgz",
      "integrity": "sha512-fzGbCX0fUgTSoANZLS/OxeP5EIM8WYl7CCObnvyOueWsGYtAYS6lzwJpjRnfM6559q65szOCeSmLyd3eO4jX7Q==",
      "license": "(MIT or Apache-2.0)",
      "dependencies": {
        "uuidv5": "^1.0.0",
        "ws": "^8.18.3"
      }
    },
    "node_modules/uuidv5": {
      "version": "1.0.0",
      "resolved": "https://registry.npmjs.org/uuidv5/-/uuidv5-1.0.0.tgz",
      "integrity": "sha512-OIrdJoTuC0Sbk1CKrGWG02gwrZHZptlYTHGkVOH7wxVNmMsGYFzJ77N7+SbrctXfpp9sI8Bp/nsu6C932p2MGQ==",
      "license": "ISC"
    },
    "node_modules/ws": {
      "version": "8.21.1",
      "resolved": "https://registry.npmjs.org/ws/-/ws-8.21.1.tgz",
      "integrity": "sha512-+0NTnW77fFN/DjQi6k/Sq/Yvk4Sgajw7urW8V+asjXnRgDs9gyGkdb7EzgfhA4goXsRIZKE28fzIXBHEzhuiWw==",
      "license": "MIT",
      "engines": {
        "node": ">=10.0.0"
      },
      "peerDependencies": {
        "bufferutil": "^4.0.1",
        "utf-8-validate": ">=5.0.2"
      },
      "peerDependenciesMeta": {
        "bufferutil": {
          "optional": true
        },
        "utf-8-validate": {
          "optional": true
        }
      }
    }
  }
}
